<?xml version="1.0" encoding="utf-8"?>
<Project ToolsVersion="4.0" xmlns="http://schemas.microsoft.com/developer/msbuild/2003">
	<ItemGroup>
		<Filter Include="源文件\Driver">
			<UniqueIdentifier>{cfd9b33f-6be5-4754-4bda-faf247608079}</UniqueIdentifier>
		</Filter>
		<Filter Include="源文件\Driver\ADC">
			<UniqueIdentifier>{32df17b1-cc30-4ba9-4b7d-673cfadc73e9}</UniqueIdentifier>
		</Filter>
		<Filter Include="源文件\Driver\DMA">
			<UniqueIdentifier>{369e00a7-aab7-47ce-4ff0-d0c268141796}</UniqueIdentifier>
		</Filter>
		<Filter Include="源文件\Driver\FTM">
			<UniqueIdentifier>{76425278-0e88-4d7d-614b-ec03f2a8cf1a}</UniqueIdentifier>
		</Filter>
		<Filter Include="源文件\Driver\GPIO">
			<UniqueIdentifier>{3c13f256-8987-465b-5db4-25a73db303bd}</UniqueIdentifier>
		</Filter>
		<Filter Include="源文件\Driver\IIC">
			<UniqueIdentifier>{71670921-b058-462a-75cf-654db3f7418c}</UniqueIdentifier>
		</Filter>
		<Filter Include="源文件\Driver\LPTMR">
			<UniqueIdentifier>{bc632fcb-b749-4886-4d29-337cb009e24c}</UniqueIdentifier>
		</Filter>
		<Filter Include="源文件\Driver\PIT">
			<UniqueIdentifier>{cf3f7acd-0fc0-49eb-711b-ed5f5bd91e42}</UniqueIdentifier>
		</Filter>
		<Filter Include="源文件\Driver\PLL">
			<UniqueIdentifier>{b4e845eb-eaa0-4c44-5aba-20d24987c5aa}</UniqueIdentifier>
		</Filter>
		<Filter Include="源文件\Driver\RTC">
			<UniqueIdentifier>{837af2fa-526f-4aff-5fc2-1a3901336674}</UniqueIdentifier>
		</Filter>
		<Filter Include="源文件\Driver\SPI">
			<UniqueIdentifier>{8a8f34e8-42a6-4246-6687-d337191492d0}</UniqueIdentifier>
		</Filter>
		<Filter Include="源文件\Driver\Systick">
			<UniqueIdentifier>{420ee2ec-8c7b-4620-470e-a8f44615bb6c}</UniqueIdentifier>
		</Filter>
		<Filter Include="源文件\Driver\TFT1.44">
			<UniqueIdentifier>{49eee394-50dd-4a2e-66c7-e4a589b7ffd4}</UniqueIdentifier>
		</Filter>
		<Filter Include="源文件\Driver\UART">
			<UniqueIdentifier>{f418eafb-b0c3-4a74-633d-e94560d0d909}</UniqueIdentifier>
		</Filter>
		<Filter Include="源文件\Driver\Vectors">
			<UniqueIdentifier>{307160b4-4d04-43bc-767a-2ad91125cc73}</UniqueIdentifier>
		</Filter>
		<Filter Include="源文件\Driver\WDOG">
			<UniqueIdentifier>{9f5d9b95-e1b5-4bd3-6937-167340a58cc2}</UniqueIdentifier>
		</Filter>
		<Filter Include="源文件\header">
			<UniqueIdentifier>{ddc61072-e4a6-458c-6282-1e18c1cf4bbb}</UniqueIdentifier>
		</Filter>
		<Filter Include="源文件\Include">
			<UniqueIdentifier>{0a5ecb77-449a-4e8c-7cab-b418e413dc4f}</UniqueIdentifier>
		</Filter>
		<Filter Include="源文件\Start up">
			<UniqueIdentifier>{f3800f5a-fb50-4dd0-4c48-510c8c8e62b6}</UniqueIdentifier>
		</Filter>
		<Filter Include="源文件\User">
			<UniqueIdentifier>{0b4a72c1-d6b5-4ad0-5a5d-c4077de0a4e4}</UniqueIdentifier>
		</Filter>
		<Filter Include="源文件\User\Debug">
			<UniqueIdentifier>{d9ff84fc-02b1-47d1-56e6-f4badc2e0cb3}</UniqueIdentifier>
		</Filter>
		<Filter Include="源文件\User\image_deal">
			<UniqueIdentifier>{0d655891-659f-48e8-7e3f-48065873ad18}</UniqueIdentifier>
		</Filter>
		<Filter Include="源文件\User\MecanumWheelControl">
			<UniqueIdentifier>{40ce8b15-f021-493c-762e-1c6eace83b6a}</UniqueIdentifier>
		</Filter>
		<Filter Include="源文件\User\SEEKFREE">
			<UniqueIdentifier>{91faf5ab-89da-45e6-7350-f79d7631a91a}</UniqueIdentifier>
		</Filter>
		<Filter Include="源文件\User\Sensor">
			<UniqueIdentifier>{e4eb7c70-3fc0-4809-5862-cb13d9b5e479}</UniqueIdentifier>
		</Filter>
		<Filter Include="源文件">
			<UniqueIdentifier>{bade806f-9399-49ef-5830-beb26cda5e06}</UniqueIdentifier>
		</Filter>
	</ItemGroup>
	<ItemGroup>
		<ClCompile Include="..\src\Source\ADC.c">
			<Filter>源文件\Driver\ADC</Filter>
		</ClCompile>
		<ClCompile Include="..\src\Source\DMA.c">
			<Filter>源文件\Driver\DMA</Filter>
		</ClCompile>
		<ClCompile Include="..\src\Source\FTM.c">
			<Filter>源文件\Driver\FTM</Filter>
		</ClCompile>
		<ClCompile Include="..\src\Source\GPIO.c">
			<Filter>源文件\Driver\GPIO</Filter>
		</ClCompile>
		<ClCompile Include="..\src\Source\I2C.c">
			<Filter>源文件\Driver\IIC</Filter>
		</ClCompile>
		<ClCompile Include="..\src\Source\LPTMR.c">
			<Filter>源文件\Driver\LPTMR</Filter>
		</ClCompile>
		<ClCompile Include="..\src\Source\PIT.c">
			<Filter>源文件\Driver\PIT</Filter>
		</ClCompile>
		<ClCompile Include="..\src\Source\PLL.c">
			<Filter>源文件\Driver\PLL</Filter>
		</ClCompile>
		<ClCompile Include="..\src\Source\RTC.c">
			<Filter>源文件\Driver\RTC</Filter>
		</ClCompile>
		<ClCompile Include="..\src\Source\SPI.c">
			<Filter>源文件\Driver\SPI</Filter>
		</ClCompile>
		<ClCompile Include="..\src\Source\Systick.c">
			<Filter>源文件\Driver\Systick</Filter>
		</ClCompile>
		<ClCompile Include="..\src\Source\TFTDriver.c">
			<Filter>源文件\Driver\TFT1.44</Filter>
		</ClCompile>
		<ClCompile Include="..\src\Source\UART.c">
			<Filter>源文件\Driver\UART</Filter>
		</ClCompile>
		<ClCompile Include="..\src\Source\vectors.c">
			<Filter>源文件\Driver\Vectors</Filter>
		</ClCompile>
		<ClCompile Include="..\src\Source\wdog.c">
			<Filter>源文件\Driver\WDOG</Filter>
		</ClCompile>
		<ClCompile Include="..\src\Source\common.c">
			<Filter>源文件\Include</Filter>
		</ClCompile>
		<ClCompile Include="..\src\Project_Setting\Startup\start.c">
			<Filter>源文件\Start up</Filter>
		</ClCompile>
		<ClCompile Include="..\src\Source\LQ12864.c">
			<Filter>源文件\User</Filter>
		</ClCompile>
		<ClCompile Include="..\src\Source\LQKEY.c">
			<Filter>源文件\User</Filter>
		</ClCompile>
		<ClCompile Include="..\src\Source\LQLED.c">
			<Filter>源文件\User</Filter>
		</ClCompile>
		<ClCompile Include="..\src\User\main.c">
			<Filter>源文件\User</Filter>
		</ClCompile>
		<ClCompile Include="..\src\User\DebugFuction.c">
			<Filter>源文件\User\Debug</Filter>
		</ClCompile>
		<ClCompile Include="..\src\User\image_deal.c">
			<Filter>源文件\User\image_deal</Filter>
		</ClCompile>
		<ClCompile Include="..\src\User\MecanumWheelControl.c">
			<Filter>源文件\User\MecanumWheelControl</Filter>
		</ClCompile>
		<ClCompile Include="..\src\User\SEEKFREE_MT9V032.c">
			<Filter>源文件\User\SEEKFREE</Filter>
		</ClCompile>
		<ClCompile Include="..\src\User\AttitudeCalculation.c">
			<Filter>源文件\User\Sensor</Filter>
		</ClCompile>
	</ItemGroup>
	<ItemGroup>
		<ClInclude Include="..\src\Includes\ADC.h">
			<Filter>源文件\Driver\ADC</Filter>
		</ClInclude>
		<ClInclude Include="..\src\Includes\DMA.h">
			<Filter>源文件\Driver\DMA</Filter>
		</ClInclude>
		<ClInclude Include="..\src\Includes\FTM.h">
			<Filter>源文件\Driver\FTM</Filter>
		</ClInclude>
		<ClInclude Include="..\src\Includes\GPIO.h">
			<Filter>源文件\Driver\GPIO</Filter>
		</ClInclude>
		<ClInclude Include="..\src\Includes\GPIO_Cfg.h">
			<Filter>源文件\Driver\GPIO</Filter>
		</ClInclude>
		<ClInclude Include="..\src\Includes\I2C.h">
			<Filter>源文件\Driver\IIC</Filter>
		</ClInclude>
		<ClInclude Include="..\src\Includes\Lptmr.h">
			<Filter>源文件\Driver\LPTMR</Filter>
		</ClInclude>
		<ClInclude Include="..\src\Includes\PIT.h">
			<Filter>源文件\Driver\PIT</Filter>
		</ClInclude>
		<ClInclude Include="..\src\Includes\PLL.h">
			<Filter>源文件\Driver\PLL</Filter>
		</ClInclude>
		<ClInclude Include="..\src\Includes\RTC.h">
			<Filter>源文件\Driver\RTC</Filter>
		</ClInclude>
		<ClInclude Include="..\src\Includes\SPI.h">
			<Filter>源文件\Driver\SPI</Filter>
		</ClInclude>
		<ClInclude Include="..\src\Includes\Systick.h">
			<Filter>源文件\Driver\Systick</Filter>
		</ClInclude>
		<ClInclude Include="..\src\Includes\TFTDriver.h">
			<Filter>源文件\Driver\TFT1.44</Filter>
		</ClInclude>
		<ClInclude Include="..\src\Includes\UART.h">
			<Filter>源文件\Driver\UART</Filter>
		</ClInclude>
		<ClInclude Include="..\src\Includes\vectors.h">
			<Filter>源文件\Driver\Vectors</Filter>
		</ClInclude>
		<ClInclude Include="..\src\Includes\wdog.h">
			<Filter>源文件\Driver\WDOG</Filter>
		</ClInclude>
		<ClInclude Include="..\src\Libs\arm_common_tables.h">
			<Filter>源文件\header</Filter>
		</ClInclude>
		<ClInclude Include="..\src\Libs\arm_const_structs.h">
			<Filter>源文件\header</Filter>
		</ClInclude>
		<ClInclude Include="..\src\Libs\arm_math.h">
			<Filter>源文件\header</Filter>
		</ClInclude>
		<ClInclude Include="..\src\Libs\core_cm4.h">
			<Filter>源文件\header</Filter>
		</ClInclude>
		<ClInclude Include="..\src\Libs\MK66F18.h">
			<Filter>源文件\header</Filter>
		</ClInclude>
		<ClInclude Include="..\src\Includes\common.h">
			<Filter>源文件\Include</Filter>
		</ClInclude>
		<ClInclude Include="..\src\User\include.h">
			<Filter>源文件\Include</Filter>
		</ClInclude>
		<ClInclude Include="..\src\Includes\LQ12864.h">
			<Filter>源文件\User</Filter>
		</ClInclude>
		<ClInclude Include="..\src\Includes\LQKEY.h">
			<Filter>源文件\User</Filter>
		</ClInclude>
		<ClInclude Include="..\src\Includes\LQLED.h">
			<Filter>源文件\User</Filter>
		</ClInclude>
		<ClInclude Include="..\src\User\DebugFunction.h">
			<Filter>源文件\User\Debug</Filter>
		</ClInclude>
		<ClInclude Include="..\src\User\image_deal.h">
			<Filter>源文件\User\image_deal</Filter>
		</ClInclude>
		<ClInclude Include="..\src\User\MecanumWheelControl.h">
			<Filter>源文件\User\MecanumWheelControl</Filter>
		</ClInclude>
		<ClInclude Include="..\src\User\SEEKFREE_MT9V032.h">
			<Filter>源文件\User\SEEKFREE</Filter>
		</ClInclude>
		<ClInclude Include="..\src\User\AttitudeCalculation.h">
			<Filter>源文件\User\Sensor</Filter>
		</ClInclude>
	</ItemGroup>
	<ItemGroup>
		<None Include="..\src\Project_Setting\Startup\crt0.s">
			<Filter>源文件\Start up</Filter>
		</None>
	</ItemGroup>
</Project>