<?xml version="1.0" encoding="utf-8"?>
<Project ToolsVersion="4.0" xmlns="http://schemas.microsoft.com/developer/msbuild/2003">
	<ItemGroup>
		<Filter Include="源文件\Driver">
			<UniqueIdentifier>{46aafee0-292f-465f-6d00-d2b56abc3508}</UniqueIdentifier>
		</Filter>
		<Filter Include="源文件\Driver\ADC">
			<UniqueIdentifier>{35ba592b-d588-493a-67d9-27e4ced335cd}</UniqueIdentifier>
		</Filter>
		<Filter Include="源文件\Driver\DMA">
			<UniqueIdentifier>{747f53ec-4071-455f-4f42-e21c892b9049}</UniqueIdentifier>
		</Filter>
		<Filter Include="源文件\Driver\FTM">
			<UniqueIdentifier>{ecabe20a-f486-432f-5939-31c626146449}</UniqueIdentifier>
		</Filter>
		<Filter Include="源文件\Driver\GPIO">
			<UniqueIdentifier>{6d99f553-f97d-405a-4bbc-df7a33878ec1}</UniqueIdentifier>
		</Filter>
		<Filter Include="源文件\Driver\IIC">
			<UniqueIdentifier>{b5c660c4-c789-457d-4ebb-2b7bb47c4c7f}</UniqueIdentifier>
		</Filter>
		<Filter Include="源文件\Driver\LPTMR">
			<UniqueIdentifier>{2babdcd3-4dd0-441e-430b-6dec8545632d}</UniqueIdentifier>
		</Filter>
		<Filter Include="源文件\Driver\PIT">
			<UniqueIdentifier>{a0d15bf9-0098-4844-5dac-9d5bc58539c2}</UniqueIdentifier>
		</Filter>
		<Filter Include="源文件\Driver\PLL">
			<UniqueIdentifier>{5c0711d4-dae0-45be-482d-02f43a3cf7ba}</UniqueIdentifier>
		</Filter>
		<Filter Include="源文件\Driver\RTC">
			<UniqueIdentifier>{f295b8a1-6161-46aa-57b0-1728347dd7a6}</UniqueIdentifier>
		</Filter>
		<Filter Include="源文件\Driver\SPI">
			<UniqueIdentifier>{4d229398-6bb6-4d3c-4640-6858c5002458}</UniqueIdentifier>
		</Filter>
		<Filter Include="源文件\Driver\Systick">
			<UniqueIdentifier>{34446ac2-f62d-48e9-547f-41ce46304e8b}</UniqueIdentifier>
		</Filter>
		<Filter Include="源文件\Driver\TFT1.44">
			<UniqueIdentifier>{19867f63-9e0a-4610-5c10-1c84d5c98ee6}</UniqueIdentifier>
		</Filter>
		<Filter Include="源文件\Driver\UART">
			<UniqueIdentifier>{16dca1cc-0f4f-4f45-79d4-8ce7ce4f202f}</UniqueIdentifier>
		</Filter>
		<Filter Include="源文件\Driver\Vectors">
			<UniqueIdentifier>{38b3028b-496d-4f6d-58a2-2bfe50d4e9f9}</UniqueIdentifier>
		</Filter>
		<Filter Include="源文件\Driver\WDOG">
			<UniqueIdentifier>{f565c65a-5416-413a-6869-032cfb0713d7}</UniqueIdentifier>
		</Filter>
		<Filter Include="源文件\header">
			<UniqueIdentifier>{ec1d9c5e-664e-4ded-67b5-f5e1f755b543}</UniqueIdentifier>
		</Filter>
		<Filter Include="源文件\Include">
			<UniqueIdentifier>{4620637c-ee0f-4b81-7818-d8cc4fecb0c6}</UniqueIdentifier>
		</Filter>
		<Filter Include="源文件\Start up">
			<UniqueIdentifier>{82e64279-e67c-43a6-6884-b629ac167726}</UniqueIdentifier>
		</Filter>
		<Filter Include="源文件\User">
			<UniqueIdentifier>{8728bd5c-7311-4be2-53b3-dd749674748c}</UniqueIdentifier>
		</Filter>
		<Filter Include="源文件\User\Debug">
			<UniqueIdentifier>{131e48cb-4956-4452-585e-a0dc51af8830}</UniqueIdentifier>
		</Filter>
		<Filter Include="源文件\User\image_deal">
			<UniqueIdentifier>{89073f0f-a36c-4032-7722-ba82a892df2a}</UniqueIdentifier>
		</Filter>
		<Filter Include="源文件\User\MecanumWheelControl">
			<UniqueIdentifier>{68cd088d-6805-4c1d-6089-e10f399f5ddc}</UniqueIdentifier>
		</Filter>
		<Filter Include="源文件\User\SEEKFREE">
			<UniqueIdentifier>{75b323dd-574c-48d7-4f89-6b0283dd1743}</UniqueIdentifier>
		</Filter>
		<Filter Include="源文件\User\Sensor">
			<UniqueIdentifier>{2785d26e-59fd-4350-5a15-76f50d0c341e}</UniqueIdentifier>
		</Filter>
		<Filter Include="源文件">
			<UniqueIdentifier>{aef97aaf-a048-473a-6282-eb1ee2a4ea97}</UniqueIdentifier>
		</Filter>
	</ItemGroup>
	<ItemGroup>
		<ClCompile Include="..\src\Source\ADC.c">
			<Filter>源文件\Driver\ADC</Filter>
		</ClCompile>
		<ClCompile Include="..\src\Source\DMA.c">
			<Filter>源文件\Driver\DMA</Filter>
		</ClCompile>
		<ClCompile Include="..\src\Source\FTM.c">
			<Filter>源文件\Driver\FTM</Filter>
		</ClCompile>
		<ClCompile Include="..\src\Source\GPIO.c">
			<Filter>源文件\Driver\GPIO</Filter>
		</ClCompile>
		<ClCompile Include="..\src\Source\I2C.c">
			<Filter>源文件\Driver\IIC</Filter>
		</ClCompile>
		<ClCompile Include="..\src\Source\LPTMR.c">
			<Filter>源文件\Driver\LPTMR</Filter>
		</ClCompile>
		<ClCompile Include="..\src\Source\PIT.c">
			<Filter>源文件\Driver\PIT</Filter>
		</ClCompile>
		<ClCompile Include="..\src\Source\PLL.c">
			<Filter>源文件\Driver\PLL</Filter>
		</ClCompile>
		<ClCompile Include="..\src\Source\RTC.c">
			<Filter>源文件\Driver\RTC</Filter>
		</ClCompile>
		<ClCompile Include="..\src\Source\SPI.c">
			<Filter>源文件\Driver\SPI</Filter>
		</ClCompile>
		<ClCompile Include="..\src\Source\Systick.c">
			<Filter>源文件\Driver\Systick</Filter>
		</ClCompile>
		<ClCompile Include="..\src\Source\TFTDriver.c">
			<Filter>源文件\Driver\TFT1.44</Filter>
		</ClCompile>
		<ClCompile Include="..\src\Source\UART.c">
			<Filter>源文件\Driver\UART</Filter>
		</ClCompile>
		<ClCompile Include="..\src\Source\vectors.c">
			<Filter>源文件\Driver\Vectors</Filter>
		</ClCompile>
		<ClCompile Include="..\src\Source\wdog.c">
			<Filter>源文件\Driver\WDOG</Filter>
		</ClCompile>
		<ClCompile Include="..\src\Source\common.c">
			<Filter>源文件\Include</Filter>
		</ClCompile>
		<ClCompile Include="..\src\Project_Setting\Startup\start.c">
			<Filter>源文件\Start up</Filter>
		</ClCompile>
		<ClCompile Include="..\src\Source\LQ12864.c">
			<Filter>源文件\User</Filter>
		</ClCompile>
		<ClCompile Include="..\src\Source\LQKEY.c">
			<Filter>源文件\User</Filter>
		</ClCompile>
		<ClCompile Include="..\src\Source\LQLED.c">
			<Filter>源文件\User</Filter>
		</ClCompile>
		<ClCompile Include="..\src\User\main.c">
			<Filter>源文件\User</Filter>
		</ClCompile>
		<ClCompile Include="..\src\User\DebugFuction.c">
			<Filter>源文件\User\Debug</Filter>
		</ClCompile>
		<ClCompile Include="..\src\User\image_deal.c">
			<Filter>源文件\User\image_deal</Filter>
		</ClCompile>
		<ClCompile Include="..\src\User\MecanumWheelControl.c">
			<Filter>源文件\User\MecanumWheelControl</Filter>
		</ClCompile>
		<ClCompile Include="..\src\User\SEEKFREE_MT9V032.c">
			<Filter>源文件\User\SEEKFREE</Filter>
		</ClCompile>
		<ClCompile Include="..\src\User\AttitudeCalculation.c">
			<Filter>源文件\User\Sensor</Filter>
		</ClCompile>
	</ItemGroup>
	<ItemGroup>
		<ClInclude Include="..\src\Includes\ADC.h">
			<Filter>源文件\Driver\ADC</Filter>
		</ClInclude>
		<ClInclude Include="..\src\Includes\DMA.h">
			<Filter>源文件\Driver\DMA</Filter>
		</ClInclude>
		<ClInclude Include="..\src\Includes\FTM.h">
			<Filter>源文件\Driver\FTM</Filter>
		</ClInclude>
		<ClInclude Include="..\src\Includes\GPIO.h">
			<Filter>源文件\Driver\GPIO</Filter>
		</ClInclude>
		<ClInclude Include="..\src\Includes\GPIO_Cfg.h">
			<Filter>源文件\Driver\GPIO</Filter>
		</ClInclude>
		<ClInclude Include="..\src\Includes\I2C.h">
			<Filter>源文件\Driver\IIC</Filter>
		</ClInclude>
		<ClInclude Include="..\src\Includes\Lptmr.h">
			<Filter>源文件\Driver\LPTMR</Filter>
		</ClInclude>
		<ClInclude Include="..\src\Includes\PIT.h">
			<Filter>源文件\Driver\PIT</Filter>
		</ClInclude>
		<ClInclude Include="..\src\Includes\PLL.h">
			<Filter>源文件\Driver\PLL</Filter>
		</ClInclude>
		<ClInclude Include="..\src\Includes\RTC.h">
			<Filter>源文件\Driver\RTC</Filter>
		</ClInclude>
		<ClInclude Include="..\src\Includes\SPI.h">
			<Filter>源文件\Driver\SPI</Filter>
		</ClInclude>
		<ClInclude Include="..\src\Includes\Systick.h">
			<Filter>源文件\Driver\Systick</Filter>
		</ClInclude>
		<ClInclude Include="..\src\Includes\TFTDriver.h">
			<Filter>源文件\Driver\TFT1.44</Filter>
		</ClInclude>
		<ClInclude Include="..\src\Includes\UART.h">
			<Filter>源文件\Driver\UART</Filter>
		</ClInclude>
		<ClInclude Include="..\src\Includes\vectors.h">
			<Filter>源文件\Driver\Vectors</Filter>
		</ClInclude>
		<ClInclude Include="..\src\Includes\wdog.h">
			<Filter>源文件\Driver\WDOG</Filter>
		</ClInclude>
		<ClInclude Include="..\src\Libs\arm_common_tables.h">
			<Filter>源文件\header</Filter>
		</ClInclude>
		<ClInclude Include="..\src\Libs\arm_const_structs.h">
			<Filter>源文件\header</Filter>
		</ClInclude>
		<ClInclude Include="..\src\Libs\arm_math.h">
			<Filter>源文件\header</Filter>
		</ClInclude>
		<ClInclude Include="..\src\Libs\core_cm4.h">
			<Filter>源文件\header</Filter>
		</ClInclude>
		<ClInclude Include="..\src\Libs\MK66F18.h">
			<Filter>源文件\header</Filter>
		</ClInclude>
		<ClInclude Include="..\src\Includes\common.h">
			<Filter>源文件\Include</Filter>
		</ClInclude>
		<ClInclude Include="..\src\User\include.h">
			<Filter>源文件\Include</Filter>
		</ClInclude>
		<ClInclude Include="..\src\Includes\LQ12864.h">
			<Filter>源文件\User</Filter>
		</ClInclude>
		<ClInclude Include="..\src\Includes\LQKEY.h">
			<Filter>源文件\User</Filter>
		</ClInclude>
		<ClInclude Include="..\src\Includes\LQLED.h">
			<Filter>源文件\User</Filter>
		</ClInclude>
		<ClInclude Include="..\src\User\DebugFunction.h">
			<Filter>源文件\User\Debug</Filter>
		</ClInclude>
		<ClInclude Include="..\src\User\image_deal.h">
			<Filter>源文件\User\image_deal</Filter>
		</ClInclude>
		<ClInclude Include="..\src\User\MecanumWheelControl.h">
			<Filter>源文件\User\MecanumWheelControl</Filter>
		</ClInclude>
		<ClInclude Include="..\src\User\SEEKFREE_MT9V032.h">
			<Filter>源文件\User\SEEKFREE</Filter>
		</ClInclude>
		<ClInclude Include="..\src\User\AttitudeCalculation.h">
			<Filter>源文件\User\Sensor</Filter>
		</ClInclude>
	</ItemGroup>
	<ItemGroup>
		<None Include="..\src\Project_Setting\Startup\crt0.s">
			<Filter>源文件\Start up</Filter>
		</None>
	</ItemGroup>
</Project>