Microsoft Visual Studio Solution File, Format Version 11.00
# Visual Studio 2010
Project("{8BC9CEB8-8B4A-11D0-8D11-00A0C91BC942}") = "LQ_K66FX_LPTMR", "LQ_K66FX_LPTMR.vcxproj", "{ce536054-7e29-4b80-791f-0738d5cd4e7f}"
EndProject
Global
	GlobalSection(SolutionConfigurationPlatforms) = preSolution
		Debug|Win32 = Debug|Win32
		Release|Win32 = Release|Win32
	EndGlobalSection
	GlobalSection(ProjectConfigurationPlatforms) = postSolution
		{ce536054-7e29-4b80-791f-0738d5cd4e7f}.Debug|Win32.ActiveCfg = Debug|Win32
		{ce536054-7e29-4b80-791f-0738d5cd4e7f}.Debug|Win32.Build.0 = Debug|Win32
		{ce536054-7e29-4b80-791f-0738d5cd4e7f}.Release|Win32.ActiveCfg = Release|Win32
		{ce536054-7e29-4b80-791f-0738d5cd4e7f}.Release|Win32.Build.0 = Release|Win32
	EndGlobalSection
	GlobalSection(SolutionProperties) = preSolution
		HideSolutionNode = FALSE
	EndGlobalSection
EndGlobal