<?xml version="1.0" encoding="utf-8"?>
<Project ToolsVersion="4.0" xmlns="http://schemas.microsoft.com/developer/msbuild/2003">
	<ItemGroup>
		<Filter Include="源文件\Driver">
			<UniqueIdentifier>{2ee70f88-7df0-4fa7-7037-d8c98196e5fb}</UniqueIdentifier>
		</Filter>
		<Filter Include="源文件\Driver\ADC">
			<UniqueIdentifier>{092ec31c-9111-4118-62d0-3524047e6ff8}</UniqueIdentifier>
		</Filter>
		<Filter Include="源文件\Driver\DMA">
			<UniqueIdentifier>{d9ce4d3a-df3a-42b6-4456-c5e03da720ba}</UniqueIdentifier>
		</Filter>
		<Filter Include="源文件\Driver\FTM">
			<UniqueIdentifier>{f16c81fd-2f26-4613-6377-227011a0e6d0}</UniqueIdentifier>
		</Filter>
		<Filter Include="源文件\Driver\GPIO">
			<UniqueIdentifier>{b4920e48-c1a1-4c98-7107-14c2da7271b1}</UniqueIdentifier>
		</Filter>
		<Filter Include="源文件\Driver\IIC">
			<UniqueIdentifier>{10054214-c2de-4e9e-457d-3773c91e75a7}</UniqueIdentifier>
		</Filter>
		<Filter Include="源文件\Driver\LPTMR">
			<UniqueIdentifier>{63f5e6dd-2560-4bb5-5491-50ef70427aa5}</UniqueIdentifier>
		</Filter>
		<Filter Include="源文件\Driver\PIT">
			<UniqueIdentifier>{eaaca24b-40a7-4081-7057-e15ff07fa811}</UniqueIdentifier>
		</Filter>
		<Filter Include="源文件\Driver\PLL">
			<UniqueIdentifier>{4aea1d15-7491-4e7b-76a8-ba0fd360c58e}</UniqueIdentifier>
		</Filter>
		<Filter Include="源文件\Driver\RTC">
			<UniqueIdentifier>{18271650-9887-4168-5621-4119856f8a1d}</UniqueIdentifier>
		</Filter>
		<Filter Include="源文件\Driver\SPI">
			<UniqueIdentifier>{61c58a1a-286c-47d0-7e1a-518e31816d77}</UniqueIdentifier>
		</Filter>
		<Filter Include="源文件\Driver\Systick">
			<UniqueIdentifier>{54e6c591-c68a-417a-4674-97a7add3ad78}</UniqueIdentifier>
		</Filter>
		<Filter Include="源文件\Driver\TFT1.44">
			<UniqueIdentifier>{1bed0bec-a00d-470d-7e77-4f9d1e1a21ea}</UniqueIdentifier>
		</Filter>
		<Filter Include="源文件\Driver\UART">
			<UniqueIdentifier>{a9040d25-0795-4264-4b63-339b6769ae13}</UniqueIdentifier>
		</Filter>
		<Filter Include="源文件\Driver\Vectors">
			<UniqueIdentifier>{49a4f810-fd1a-4726-48a5-032eb5877363}</UniqueIdentifier>
		</Filter>
		<Filter Include="源文件\Driver\WDOG">
			<UniqueIdentifier>{9cd14246-d907-4bc5-7d73-872546375316}</UniqueIdentifier>
		</Filter>
		<Filter Include="源文件\header">
			<UniqueIdentifier>{8465e2d3-373c-4b1f-5ab5-8688a1169ea6}</UniqueIdentifier>
		</Filter>
		<Filter Include="源文件\Include">
			<UniqueIdentifier>{6dfd9abc-9056-442f-6c7d-02e1e5afc63e}</UniqueIdentifier>
		</Filter>
		<Filter Include="源文件\SEEKFREE">
			<UniqueIdentifier>{79cd7432-cc28-40c9-5b4e-5df4d45f2e63}</UniqueIdentifier>
		</Filter>
		<Filter Include="源文件\SEEKFREE\MT9V032">
			<UniqueIdentifier>{d613b2e0-bb62-4ec6-7979-b953361c3240}</UniqueIdentifier>
		</Filter>
		<Filter Include="源文件\Start up">
			<UniqueIdentifier>{c003b6b4-b1ff-42fc-5076-55268de04867}</UniqueIdentifier>
		</Filter>
		<Filter Include="源文件\User">
			<UniqueIdentifier>{418ddf47-7f38-46be-776d-b11c4ed4de04}</UniqueIdentifier>
		</Filter>
		<Filter Include="源文件\User\MecanumWheelControl">
			<UniqueIdentifier>{7e21c784-32db-421b-542e-b1f69eb06afd}</UniqueIdentifier>
		</Filter>
		<Filter Include="源文件">
			<UniqueIdentifier>{94c28efb-58f3-416a-60fb-b42a95b54980}</UniqueIdentifier>
		</Filter>
	</ItemGroup>
	<ItemGroup>
		<ClCompile Include="..\src\Source\ADC.c">
			<Filter>源文件\Driver\ADC</Filter>
		</ClCompile>
		<ClCompile Include="..\src\Source\DMA.c">
			<Filter>源文件\Driver\DMA</Filter>
		</ClCompile>
		<ClCompile Include="..\src\Source\FTM.c">
			<Filter>源文件\Driver\FTM</Filter>
		</ClCompile>
		<ClCompile Include="..\src\Source\GPIO.c">
			<Filter>源文件\Driver\GPIO</Filter>
		</ClCompile>
		<ClCompile Include="..\src\Source\I2C.c">
			<Filter>源文件\Driver\IIC</Filter>
		</ClCompile>
		<ClCompile Include="..\src\Source\LPTMR.c">
			<Filter>源文件\Driver\LPTMR</Filter>
		</ClCompile>
		<ClCompile Include="..\src\Source\PIT.c">
			<Filter>源文件\Driver\PIT</Filter>
		</ClCompile>
		<ClCompile Include="..\src\Source\PLL.c">
			<Filter>源文件\Driver\PLL</Filter>
		</ClCompile>
		<ClCompile Include="..\src\Source\RTC.c">
			<Filter>源文件\Driver\RTC</Filter>
		</ClCompile>
		<ClCompile Include="..\src\Source\SPI.c">
			<Filter>源文件\Driver\SPI</Filter>
		</ClCompile>
		<ClCompile Include="..\src\Source\Systick.c">
			<Filter>源文件\Driver\Systick</Filter>
		</ClCompile>
		<ClCompile Include="..\src\Source\TFTDriver.c">
			<Filter>源文件\Driver\TFT1.44</Filter>
		</ClCompile>
		<ClCompile Include="..\src\Source\UART.c">
			<Filter>源文件\Driver\UART</Filter>
		</ClCompile>
		<ClCompile Include="..\src\Source\vectors.c">
			<Filter>源文件\Driver\Vectors</Filter>
		</ClCompile>
		<ClCompile Include="..\src\Source\wdog.c">
			<Filter>源文件\Driver\WDOG</Filter>
		</ClCompile>
		<ClCompile Include="..\src\Source\common.c">
			<Filter>源文件\Include</Filter>
		</ClCompile>
		<ClCompile Include="..\src\SEEKFREE\SEEKFREE_MT9V032.c">
			<Filter>源文件\SEEKFREE\MT9V032</Filter>
		</ClCompile>
		<ClCompile Include="..\src\Project_Setting\Startup\start.c">
			<Filter>源文件\Start up</Filter>
		</ClCompile>
		<ClCompile Include="..\src\Source\LQ12864.c">
			<Filter>源文件\User</Filter>
		</ClCompile>
		<ClCompile Include="..\src\Source\LQKEY.c">
			<Filter>源文件\User</Filter>
		</ClCompile>
		<ClCompile Include="..\src\Source\LQLED.c">
			<Filter>源文件\User</Filter>
		</ClCompile>
		<ClCompile Include="..\src\User\main.c">
			<Filter>源文件\User</Filter>
		</ClCompile>
		<ClCompile Include="..\src\User\OV7620.c">
			<Filter>源文件\User</Filter>
		</ClCompile>
		<ClCompile Include="..\src\User\MecanumWheelControl.c">
			<Filter>源文件\User\MecanumWheelControl</Filter>
		</ClCompile>
	</ItemGroup>
	<ItemGroup>
		<ClInclude Include="..\src\Includes\ADC.h">
			<Filter>源文件\Driver\ADC</Filter>
		</ClInclude>
		<ClInclude Include="..\src\Includes\DMA.h">
			<Filter>源文件\Driver\DMA</Filter>
		</ClInclude>
		<ClInclude Include="..\src\Includes\FTM.h">
			<Filter>源文件\Driver\FTM</Filter>
		</ClInclude>
		<ClInclude Include="..\src\Includes\GPIO.h">
			<Filter>源文件\Driver\GPIO</Filter>
		</ClInclude>
		<ClInclude Include="..\src\Includes\GPIO_Cfg.h">
			<Filter>源文件\Driver\GPIO</Filter>
		</ClInclude>
		<ClInclude Include="..\src\Includes\I2C.h">
			<Filter>源文件\Driver\IIC</Filter>
		</ClInclude>
		<ClInclude Include="..\src\Includes\Lptmr.h">
			<Filter>源文件\Driver\LPTMR</Filter>
		</ClInclude>
		<ClInclude Include="..\src\Includes\PIT.h">
			<Filter>源文件\Driver\PIT</Filter>
		</ClInclude>
		<ClInclude Include="..\src\Includes\PLL.h">
			<Filter>源文件\Driver\PLL</Filter>
		</ClInclude>
		<ClInclude Include="..\src\Includes\RTC.h">
			<Filter>源文件\Driver\RTC</Filter>
		</ClInclude>
		<ClInclude Include="..\src\Includes\SPI.h">
			<Filter>源文件\Driver\SPI</Filter>
		</ClInclude>
		<ClInclude Include="..\src\Includes\Systick.h">
			<Filter>源文件\Driver\Systick</Filter>
		</ClInclude>
		<ClInclude Include="..\src\Includes\TFTDriver.h">
			<Filter>源文件\Driver\TFT1.44</Filter>
		</ClInclude>
		<ClInclude Include="..\src\Includes\UART.h">
			<Filter>源文件\Driver\UART</Filter>
		</ClInclude>
		<ClInclude Include="..\src\Includes\vectors.h">
			<Filter>源文件\Driver\Vectors</Filter>
		</ClInclude>
		<ClInclude Include="..\src\Includes\wdog.h">
			<Filter>源文件\Driver\WDOG</Filter>
		</ClInclude>
		<ClInclude Include="..\src\Libs\arm_common_tables.h">
			<Filter>源文件\header</Filter>
		</ClInclude>
		<ClInclude Include="..\src\Libs\arm_const_structs.h">
			<Filter>源文件\header</Filter>
		</ClInclude>
		<ClInclude Include="..\src\Libs\arm_math.h">
			<Filter>源文件\header</Filter>
		</ClInclude>
		<ClInclude Include="..\src\Libs\core_cm4.h">
			<Filter>源文件\header</Filter>
		</ClInclude>
		<ClInclude Include="..\src\Libs\MK66F18.h">
			<Filter>源文件\header</Filter>
		</ClInclude>
		<ClInclude Include="..\src\Includes\common.h">
			<Filter>源文件\Include</Filter>
		</ClInclude>
		<ClInclude Include="..\src\User\include.h">
			<Filter>源文件\Include</Filter>
		</ClInclude>
		<ClInclude Include="..\src\SEEKFREE\SEEKFREE_MT9V032.h">
			<Filter>源文件\SEEKFREE\MT9V032</Filter>
		</ClInclude>
		<ClInclude Include="..\src\Includes\LQ12864.h">
			<Filter>源文件\User</Filter>
		</ClInclude>
		<ClInclude Include="..\src\Includes\LQKEY.h">
			<Filter>源文件\User</Filter>
		</ClInclude>
		<ClInclude Include="..\src\Includes\LQLED.h">
			<Filter>源文件\User</Filter>
		</ClInclude>
		<ClInclude Include="..\src\User\OV7620.h">
			<Filter>源文件\User</Filter>
		</ClInclude>
		<ClInclude Include="..\src\User\MecanumWheelControl.h">
			<Filter>源文件\User\MecanumWheelControl</Filter>
		</ClInclude>
	</ItemGroup>
	<ItemGroup>
		<None Include="..\src\Project_Setting\Startup\crt0.s">
			<Filter>源文件\Start up</Filter>
		</None>
	</ItemGroup>
</Project>