<?xml version="1.0" encoding="utf-8"?>
<Project ToolsVersion="4.0" xmlns="http://schemas.microsoft.com/developer/msbuild/2003">
	<ItemGroup>
		<Filter Include="源文件\Driver">
			<UniqueIdentifier>{5d7eb86d-1ba7-491e-795c-c541c10db2cf}</UniqueIdentifier>
		</Filter>
		<Filter Include="源文件\Driver\ADC">
			<UniqueIdentifier>{56d23898-25f9-4bde-751c-f50d2f7cddb4}</UniqueIdentifier>
		</Filter>
		<Filter Include="源文件\Driver\DMA">
			<UniqueIdentifier>{3c33714f-c984-4f7c-49fe-b790831be30e}</UniqueIdentifier>
		</Filter>
		<Filter Include="源文件\Driver\FTM">
			<UniqueIdentifier>{43343d81-ab0a-4bcf-5100-3804a20e3033}</UniqueIdentifier>
		</Filter>
		<Filter Include="源文件\Driver\GPIO">
			<UniqueIdentifier>{8ab28f77-7bf4-4fbf-46a4-669373c404c3}</UniqueIdentifier>
		</Filter>
		<Filter Include="源文件\Driver\IIC">
			<UniqueIdentifier>{19f0c640-b5f8-4de0-5cb1-3b71817e6a37}</UniqueIdentifier>
		</Filter>
		<Filter Include="源文件\Driver\LPTMR">
			<UniqueIdentifier>{f401643d-0733-4571-5a88-171a71f8abb6}</UniqueIdentifier>
		</Filter>
		<Filter Include="源文件\Driver\PIT">
			<UniqueIdentifier>{b3f70f88-b6e2-4f3e-6921-89b4e7486082}</UniqueIdentifier>
		</Filter>
		<Filter Include="源文件\Driver\PLL">
			<UniqueIdentifier>{6d82d0f7-0fec-414f-7643-03e7051c7186}</UniqueIdentifier>
		</Filter>
		<Filter Include="源文件\Driver\RTC">
			<UniqueIdentifier>{df65d131-7f2d-4e0d-6898-2880aaabf0e3}</UniqueIdentifier>
		</Filter>
		<Filter Include="源文件\Driver\SPI">
			<UniqueIdentifier>{9eff5d6a-af54-4d84-64f3-b64030892956}</UniqueIdentifier>
		</Filter>
		<Filter Include="源文件\Driver\Systick">
			<UniqueIdentifier>{6ce48b86-be8c-4eaf-6d83-9a867f899790}</UniqueIdentifier>
		</Filter>
		<Filter Include="源文件\Driver\TFT1.44">
			<UniqueIdentifier>{44f3509f-106b-4ef4-7dc6-fd98094c27d6}</UniqueIdentifier>
		</Filter>
		<Filter Include="源文件\Driver\UART">
			<UniqueIdentifier>{9b20e311-7266-43d8-5f78-2980d7ffd248}</UniqueIdentifier>
		</Filter>
		<Filter Include="源文件\Driver\Vectors">
			<UniqueIdentifier>{b88f4993-d7a9-4dcd-79d1-a8523f23df95}</UniqueIdentifier>
		</Filter>
		<Filter Include="源文件\Driver\WDOG">
			<UniqueIdentifier>{01a78fdb-ae98-4c7a-7127-cba66a25dc6e}</UniqueIdentifier>
		</Filter>
		<Filter Include="源文件\header">
			<UniqueIdentifier>{57471dcb-b6cf-438c-6b62-661b956fc690}</UniqueIdentifier>
		</Filter>
		<Filter Include="源文件\Include">
			<UniqueIdentifier>{e5d763d2-7145-4249-5b5b-73edb4808313}</UniqueIdentifier>
		</Filter>
		<Filter Include="源文件\SEEKFREE">
			<UniqueIdentifier>{c19a5bb2-2ce7-403d-5133-3c79d6c62caf}</UniqueIdentifier>
		</Filter>
		<Filter Include="源文件\SEEKFREE\MT9V032">
			<UniqueIdentifier>{ea1f5b0c-bc5f-4e75-7390-e93765d5f645}</UniqueIdentifier>
		</Filter>
		<Filter Include="源文件\Start up">
			<UniqueIdentifier>{98d27da6-f2ed-4a26-7fba-060988bb8e40}</UniqueIdentifier>
		</Filter>
		<Filter Include="源文件\User">
			<UniqueIdentifier>{26c64be5-2412-4a5a-6792-baa39cf1ea16}</UniqueIdentifier>
		</Filter>
		<Filter Include="源文件\User\Debug">
			<UniqueIdentifier>{b49975c1-d716-41c1-74e9-274d52a1218c}</UniqueIdentifier>
		</Filter>
		<Filter Include="源文件\User\MecanumWheelControl">
			<UniqueIdentifier>{52cdfe26-3e0a-4e49-77b0-7e2c878eb377}</UniqueIdentifier>
		</Filter>
		<Filter Include="源文件\User\Sensor">
			<UniqueIdentifier>{45fed98e-62aa-4afc-4bcf-e967a68574db}</UniqueIdentifier>
		</Filter>
		<Filter Include="源文件">
			<UniqueIdentifier>{d050e1e4-e850-4f2e-43a5-be806677fab0}</UniqueIdentifier>
		</Filter>
	</ItemGroup>
	<ItemGroup>
		<ClCompile Include="..\src\Source\ADC.c">
			<Filter>源文件\Driver\ADC</Filter>
		</ClCompile>
		<ClCompile Include="..\src\Source\DMA.c">
			<Filter>源文件\Driver\DMA</Filter>
		</ClCompile>
		<ClCompile Include="..\src\Source\FTM.c">
			<Filter>源文件\Driver\FTM</Filter>
		</ClCompile>
		<ClCompile Include="..\src\Source\GPIO.c">
			<Filter>源文件\Driver\GPIO</Filter>
		</ClCompile>
		<ClCompile Include="..\src\Source\I2C.c">
			<Filter>源文件\Driver\IIC</Filter>
		</ClCompile>
		<ClCompile Include="..\src\Source\LPTMR.c">
			<Filter>源文件\Driver\LPTMR</Filter>
		</ClCompile>
		<ClCompile Include="..\src\Source\PIT.c">
			<Filter>源文件\Driver\PIT</Filter>
		</ClCompile>
		<ClCompile Include="..\src\Source\PLL.c">
			<Filter>源文件\Driver\PLL</Filter>
		</ClCompile>
		<ClCompile Include="..\src\Source\RTC.c">
			<Filter>源文件\Driver\RTC</Filter>
		</ClCompile>
		<ClCompile Include="..\src\Source\SPI.c">
			<Filter>源文件\Driver\SPI</Filter>
		</ClCompile>
		<ClCompile Include="..\src\Source\Systick.c">
			<Filter>源文件\Driver\Systick</Filter>
		</ClCompile>
		<ClCompile Include="..\src\Source\TFTDriver.c">
			<Filter>源文件\Driver\TFT1.44</Filter>
		</ClCompile>
		<ClCompile Include="..\src\Source\UART.c">
			<Filter>源文件\Driver\UART</Filter>
		</ClCompile>
		<ClCompile Include="..\src\Source\vectors.c">
			<Filter>源文件\Driver\Vectors</Filter>
		</ClCompile>
		<ClCompile Include="..\src\Source\wdog.c">
			<Filter>源文件\Driver\WDOG</Filter>
		</ClCompile>
		<ClCompile Include="..\src\Source\common.c">
			<Filter>源文件\Include</Filter>
		</ClCompile>
		<ClCompile Include="..\src\User\SEEKFREE_MT9V032.c">
			<Filter>源文件\SEEKFREE\MT9V032</Filter>
		</ClCompile>
		<ClCompile Include="..\src\Project_Setting\Startup\start.c">
			<Filter>源文件\Start up</Filter>
		</ClCompile>
		<ClCompile Include="..\src\Source\LQ12864.c">
			<Filter>源文件\User</Filter>
		</ClCompile>
		<ClCompile Include="..\src\Source\LQKEY.c">
			<Filter>源文件\User</Filter>
		</ClCompile>
		<ClCompile Include="..\src\Source\LQLED.c">
			<Filter>源文件\User</Filter>
		</ClCompile>
		<ClCompile Include="..\src\User\main.c">
			<Filter>源文件\User</Filter>
		</ClCompile>
		<ClCompile Include="..\src\User\DebugFuction.c">
			<Filter>源文件\User\Debug</Filter>
		</ClCompile>
		<ClCompile Include="..\src\User\MecanumWheelControl.c">
			<Filter>源文件\User\MecanumWheelControl</Filter>
		</ClCompile>
		<ClCompile Include="..\src\User\AttitudeCalculation.c">
			<Filter>源文件\User\Sensor</Filter>
		</ClCompile>
	</ItemGroup>
	<ItemGroup>
		<ClInclude Include="..\src\Includes\ADC.h">
			<Filter>源文件\Driver\ADC</Filter>
		</ClInclude>
		<ClInclude Include="..\src\Includes\DMA.h">
			<Filter>源文件\Driver\DMA</Filter>
		</ClInclude>
		<ClInclude Include="..\src\Includes\FTM.h">
			<Filter>源文件\Driver\FTM</Filter>
		</ClInclude>
		<ClInclude Include="..\src\Includes\GPIO.h">
			<Filter>源文件\Driver\GPIO</Filter>
		</ClInclude>
		<ClInclude Include="..\src\Includes\GPIO_Cfg.h">
			<Filter>源文件\Driver\GPIO</Filter>
		</ClInclude>
		<ClInclude Include="..\src\Includes\I2C.h">
			<Filter>源文件\Driver\IIC</Filter>
		</ClInclude>
		<ClInclude Include="..\src\Includes\Lptmr.h">
			<Filter>源文件\Driver\LPTMR</Filter>
		</ClInclude>
		<ClInclude Include="..\src\Includes\PIT.h">
			<Filter>源文件\Driver\PIT</Filter>
		</ClInclude>
		<ClInclude Include="..\src\Includes\PLL.h">
			<Filter>源文件\Driver\PLL</Filter>
		</ClInclude>
		<ClInclude Include="..\src\Includes\RTC.h">
			<Filter>源文件\Driver\RTC</Filter>
		</ClInclude>
		<ClInclude Include="..\src\Includes\SPI.h">
			<Filter>源文件\Driver\SPI</Filter>
		</ClInclude>
		<ClInclude Include="..\src\Includes\Systick.h">
			<Filter>源文件\Driver\Systick</Filter>
		</ClInclude>
		<ClInclude Include="..\src\Includes\TFTDriver.h">
			<Filter>源文件\Driver\TFT1.44</Filter>
		</ClInclude>
		<ClInclude Include="..\src\Includes\UART.h">
			<Filter>源文件\Driver\UART</Filter>
		</ClInclude>
		<ClInclude Include="..\src\Includes\vectors.h">
			<Filter>源文件\Driver\Vectors</Filter>
		</ClInclude>
		<ClInclude Include="..\src\Includes\wdog.h">
			<Filter>源文件\Driver\WDOG</Filter>
		</ClInclude>
		<ClInclude Include="..\src\Libs\arm_common_tables.h">
			<Filter>源文件\header</Filter>
		</ClInclude>
		<ClInclude Include="..\src\Libs\arm_const_structs.h">
			<Filter>源文件\header</Filter>
		</ClInclude>
		<ClInclude Include="..\src\Libs\arm_math.h">
			<Filter>源文件\header</Filter>
		</ClInclude>
		<ClInclude Include="..\src\Libs\core_cm4.h">
			<Filter>源文件\header</Filter>
		</ClInclude>
		<ClInclude Include="..\src\Libs\MK66F18.h">
			<Filter>源文件\header</Filter>
		</ClInclude>
		<ClInclude Include="..\src\Includes\common.h">
			<Filter>源文件\Include</Filter>
		</ClInclude>
		<ClInclude Include="..\src\User\include.h">
			<Filter>源文件\Include</Filter>
		</ClInclude>
		<ClInclude Include="..\src\User\SEEKFREE_MT9V032.h">
			<Filter>源文件\SEEKFREE\MT9V032</Filter>
		</ClInclude>
		<ClInclude Include="..\src\Includes\LQ12864.h">
			<Filter>源文件\User</Filter>
		</ClInclude>
		<ClInclude Include="..\src\Includes\LQKEY.h">
			<Filter>源文件\User</Filter>
		</ClInclude>
		<ClInclude Include="..\src\Includes\LQLED.h">
			<Filter>源文件\User</Filter>
		</ClInclude>
		<ClInclude Include="..\src\User\DebugFunction.h">
			<Filter>源文件\User\Debug</Filter>
		</ClInclude>
		<ClInclude Include="..\src\User\MecanumWheelControl.h">
			<Filter>源文件\User\MecanumWheelControl</Filter>
		</ClInclude>
		<ClInclude Include="..\src\User\AttitudeCalculation.h">
			<Filter>源文件\User\Sensor</Filter>
		</ClInclude>
	</ItemGroup>
	<ItemGroup>
		<None Include="..\src\Project_Setting\Startup\crt0.s">
			<Filter>源文件\Start up</Filter>
		</None>
	</ItemGroup>
</Project>