<?xml version="1.0" encoding="utf-8"?>
<Project ToolsVersion="4.0" xmlns="http://schemas.microsoft.com/developer/msbuild/2003">
  <ItemGroup>
    <Filter Include="源文件\Driver">
      <UniqueIdentifier>{738f4c84-9a29-47b7-7968-76b8678d379b}</UniqueIdentifier>
    </Filter>
    <Filter Include="源文件\Driver\ADC">
      <UniqueIdentifier>{d8fd60e4-067f-47dc-769c-12e6f4e4e8d9}</UniqueIdentifier>
    </Filter>
    <Filter Include="源文件\Driver\DMA">
      <UniqueIdentifier>{95aef75d-54b8-465d-41c0-ade47bb5de72}</UniqueIdentifier>
    </Filter>
    <Filter Include="源文件\Driver\FTM">
      <UniqueIdentifier>{b1b05a62-fe7f-4460-5b36-607037e49991}</UniqueIdentifier>
    </Filter>
    <Filter Include="源文件\Driver\GPIO">
      <UniqueIdentifier>{35c70446-e064-4fb6-51dc-06aab0db30ff}</UniqueIdentifier>
    </Filter>
    <Filter Include="源文件\Driver\IIC">
      <UniqueIdentifier>{71006df8-16da-4c02-4eb9-3883fb0ba6b7}</UniqueIdentifier>
    </Filter>
    <Filter Include="源文件\Driver\LPTMR">
      <UniqueIdentifier>{4caae63b-ec8b-4172-67ab-aa09bad809fe}</UniqueIdentifier>
    </Filter>
    <Filter Include="源文件\Driver\PIT">
      <UniqueIdentifier>{2ef099ca-130b-4c04-7d06-b804a4b206b9}</UniqueIdentifier>
    </Filter>
    <Filter Include="源文件\Driver\PLL">
      <UniqueIdentifier>{f5fe1e32-9f2f-41c5-7f9a-9fe858fb41a7}</UniqueIdentifier>
    </Filter>
    <Filter Include="源文件\Driver\RTC">
      <UniqueIdentifier>{751d7177-f3a5-4810-47c9-a1517879486b}</UniqueIdentifier>
    </Filter>
    <Filter Include="源文件\Driver\SPI">
      <UniqueIdentifier>{a9115d06-2e4d-4d4c-486e-84221cac3241}</UniqueIdentifier>
    </Filter>
    <Filter Include="源文件\Driver\Systick">
      <UniqueIdentifier>{02d3dcc0-3712-48da-77ac-5df51b17829b}</UniqueIdentifier>
    </Filter>
    <Filter Include="源文件\Driver\TFT1.44">
      <UniqueIdentifier>{8ba9382a-fb76-415f-4167-384b5a4d2dda}</UniqueIdentifier>
    </Filter>
    <Filter Include="源文件\Driver\UART">
      <UniqueIdentifier>{88450f5e-f78b-40e2-5a39-6da22cbb5a52}</UniqueIdentifier>
    </Filter>
    <Filter Include="源文件\Driver\Vectors">
      <UniqueIdentifier>{5b50ffc0-4699-4226-5e97-4c9ff4e71fe5}</UniqueIdentifier>
    </Filter>
    <Filter Include="源文件\Driver\WDOG">
      <UniqueIdentifier>{4a4478e8-1ad3-433e-68a4-461ecb114ffa}</UniqueIdentifier>
    </Filter>
    <Filter Include="源文件\header">
      <UniqueIdentifier>{c806014d-953c-4bd8-596a-8b651b842d4c}</UniqueIdentifier>
    </Filter>
    <Filter Include="源文件\Include">
      <UniqueIdentifier>{9083bb4d-f5a0-4358-41ef-1b22bbdd0273}</UniqueIdentifier>
    </Filter>
    <Filter Include="源文件\SEEKFREE">
      <UniqueIdentifier>{2e2a037f-8749-437c-6cde-a6289b81d57c}</UniqueIdentifier>
    </Filter>
    <Filter Include="源文件\SEEKFREE\MT9V032">
      <UniqueIdentifier>{d56e69f9-8be1-4d4d-583a-dafae34dc47b}</UniqueIdentifier>
    </Filter>
    <Filter Include="源文件\Start up">
      <UniqueIdentifier>{bae2f57b-f3b0-4aec-5eaf-ec675cb688da}</UniqueIdentifier>
    </Filter>
    <Filter Include="源文件\User">
      <UniqueIdentifier>{3979aa42-b687-47fe-6c03-7e5eec030bfe}</UniqueIdentifier>
    </Filter>
    <Filter Include="源文件\User\Debug">
      <UniqueIdentifier>{53b1c526-7075-4a81-4297-ca48daf9d57a}</UniqueIdentifier>
    </Filter>
    <Filter Include="源文件\User\image_deal">
      <UniqueIdentifier>{753cf83f-162b-46f3-78ba-7699901e2c7a}</UniqueIdentifier>
    </Filter>
    <Filter Include="源文件\User\MecanumWheelControl">
      <UniqueIdentifier>{2ccc1ce5-bb21-48b2-4051-3321fc3ae638}</UniqueIdentifier>
    </Filter>
    <Filter Include="源文件\User\Sensor">
      <UniqueIdentifier>{5b77bcd4-378c-4182-6592-384da3894184}</UniqueIdentifier>
    </Filter>
    <Filter Include="源文件">
      <UniqueIdentifier>{aefc908c-10c1-43b6-5457-4f0a7aeddae2}</UniqueIdentifier>
    </Filter>
    <Filter Include="源文件\User\MT9V032">
      <UniqueIdentifier>{8c7cb368-c66b-4b92-94e3-bdfe825fd27d}</UniqueIdentifier>
    </Filter>
  </ItemGroup>
  <ItemGroup>
    <ClCompile Include="..\src\Source\ADC.c">
      <Filter>源文件\Driver\ADC</Filter>
    </ClCompile>
    <ClCompile Include="..\src\Source\DMA.c">
      <Filter>源文件\Driver\DMA</Filter>
    </ClCompile>
    <ClCompile Include="..\src\Source\FTM.c">
      <Filter>源文件\Driver\FTM</Filter>
    </ClCompile>
    <ClCompile Include="..\src\Source\GPIO.c">
      <Filter>源文件\Driver\GPIO</Filter>
    </ClCompile>
    <ClCompile Include="..\src\Source\I2C.c">
      <Filter>源文件\Driver\IIC</Filter>
    </ClCompile>
    <ClCompile Include="..\src\Source\LPTMR.c">
      <Filter>源文件\Driver\LPTMR</Filter>
    </ClCompile>
    <ClCompile Include="..\src\Source\PIT.c">
      <Filter>源文件\Driver\PIT</Filter>
    </ClCompile>
    <ClCompile Include="..\src\Source\PLL.c">
      <Filter>源文件\Driver\PLL</Filter>
    </ClCompile>
    <ClCompile Include="..\src\Source\RTC.c">
      <Filter>源文件\Driver\RTC</Filter>
    </ClCompile>
    <ClCompile Include="..\src\Source\SPI.c">
      <Filter>源文件\Driver\SPI</Filter>
    </ClCompile>
    <ClCompile Include="..\src\Source\Systick.c">
      <Filter>源文件\Driver\Systick</Filter>
    </ClCompile>
    <ClCompile Include="..\src\Source\TFTDriver.c">
      <Filter>源文件\Driver\TFT1.44</Filter>
    </ClCompile>
    <ClCompile Include="..\src\Source\UART.c">
      <Filter>源文件\Driver\UART</Filter>
    </ClCompile>
    <ClCompile Include="..\src\Source\vectors.c">
      <Filter>源文件\Driver\Vectors</Filter>
    </ClCompile>
    <ClCompile Include="..\src\Source\wdog.c">
      <Filter>源文件\Driver\WDOG</Filter>
    </ClCompile>
    <ClCompile Include="..\src\Source\common.c">
      <Filter>源文件\Include</Filter>
    </ClCompile>
    <ClCompile Include="..\src\SEEKFREE\SEEKFREE_MT9V032.c">
      <Filter>源文件\SEEKFREE\MT9V032</Filter>
    </ClCompile>
    <ClCompile Include="..\src\Project_Setting\Startup\start.c">
      <Filter>源文件\Start up</Filter>
    </ClCompile>
    <ClCompile Include="..\src\Source\LQ12864.c">
      <Filter>源文件\User</Filter>
    </ClCompile>
    <ClCompile Include="..\src\Source\LQKEY.c">
      <Filter>源文件\User</Filter>
    </ClCompile>
    <ClCompile Include="..\src\Source\LQLED.c">
      <Filter>源文件\User</Filter>
    </ClCompile>
    <ClCompile Include="..\src\User\main.c">
      <Filter>源文件\User</Filter>
    </ClCompile>
    <ClCompile Include="..\src\User\DebugFuction.c">
      <Filter>源文件\User\Debug</Filter>
    </ClCompile>
    <ClCompile Include="..\src\User\image_deal.c">
      <Filter>源文件\User\image_deal</Filter>
    </ClCompile>
    <ClCompile Include="..\src\User\MecanumWheelControl.c">
      <Filter>源文件\User\MecanumWheelControl</Filter>
    </ClCompile>
    <ClCompile Include="..\src\User\AttitudeCalculation.c">
      <Filter>源文件\User\Sensor</Filter>
    </ClCompile>
    <ClCompile Include="..\src\User\SEEKFREE_MT9V032.c">
      <Filter>源文件\User\MT9V032</Filter>
    </ClCompile>
  </ItemGroup>
  <ItemGroup>
    <ClInclude Include="..\src\Includes\ADC.h">
      <Filter>源文件\Driver\ADC</Filter>
    </ClInclude>
    <ClInclude Include="..\src\Includes\DMA.h">
      <Filter>源文件\Driver\DMA</Filter>
    </ClInclude>
    <ClInclude Include="..\src\Includes\FTM.h">
      <Filter>源文件\Driver\FTM</Filter>
    </ClInclude>
    <ClInclude Include="..\src\Includes\GPIO.h">
      <Filter>源文件\Driver\GPIO</Filter>
    </ClInclude>
    <ClInclude Include="..\src\Includes\GPIO_Cfg.h">
      <Filter>源文件\Driver\GPIO</Filter>
    </ClInclude>
    <ClInclude Include="..\src\Includes\I2C.h">
      <Filter>源文件\Driver\IIC</Filter>
    </ClInclude>
    <ClInclude Include="..\src\Includes\Lptmr.h">
      <Filter>源文件\Driver\LPTMR</Filter>
    </ClInclude>
    <ClInclude Include="..\src\Includes\PIT.h">
      <Filter>源文件\Driver\PIT</Filter>
    </ClInclude>
    <ClInclude Include="..\src\Includes\PLL.h">
      <Filter>源文件\Driver\PLL</Filter>
    </ClInclude>
    <ClInclude Include="..\src\Includes\RTC.h">
      <Filter>源文件\Driver\RTC</Filter>
    </ClInclude>
    <ClInclude Include="..\src\Includes\SPI.h">
      <Filter>源文件\Driver\SPI</Filter>
    </ClInclude>
    <ClInclude Include="..\src\Includes\Systick.h">
      <Filter>源文件\Driver\Systick</Filter>
    </ClInclude>
    <ClInclude Include="..\src\Includes\TFTDriver.h">
      <Filter>源文件\Driver\TFT1.44</Filter>
    </ClInclude>
    <ClInclude Include="..\src\Includes\UART.h">
      <Filter>源文件\Driver\UART</Filter>
    </ClInclude>
    <ClInclude Include="..\src\Includes\vectors.h">
      <Filter>源文件\Driver\Vectors</Filter>
    </ClInclude>
    <ClInclude Include="..\src\Includes\wdog.h">
      <Filter>源文件\Driver\WDOG</Filter>
    </ClInclude>
    <ClInclude Include="..\src\Libs\arm_common_tables.h">
      <Filter>源文件\header</Filter>
    </ClInclude>
    <ClInclude Include="..\src\Libs\arm_const_structs.h">
      <Filter>源文件\header</Filter>
    </ClInclude>
    <ClInclude Include="..\src\Libs\arm_math.h">
      <Filter>源文件\header</Filter>
    </ClInclude>
    <ClInclude Include="..\src\Libs\core_cm4.h">
      <Filter>源文件\header</Filter>
    </ClInclude>
    <ClInclude Include="..\src\Libs\MK66F18.h">
      <Filter>源文件\header</Filter>
    </ClInclude>
    <ClInclude Include="..\src\Includes\common.h">
      <Filter>源文件\Include</Filter>
    </ClInclude>
    <ClInclude Include="..\src\User\include.h">
      <Filter>源文件\Include</Filter>
    </ClInclude>
    <ClInclude Include="..\src\SEEKFREE\SEEKFREE_MT9V032.h">
      <Filter>源文件\SEEKFREE\MT9V032</Filter>
    </ClInclude>
    <ClInclude Include="..\src\Includes\LQ12864.h">
      <Filter>源文件\User</Filter>
    </ClInclude>
    <ClInclude Include="..\src\Includes\LQKEY.h">
      <Filter>源文件\User</Filter>
    </ClInclude>
    <ClInclude Include="..\src\Includes\LQLED.h">
      <Filter>源文件\User</Filter>
    </ClInclude>
    <ClInclude Include="..\src\User\DebugFunction.h">
      <Filter>源文件\User\Debug</Filter>
    </ClInclude>
    <ClInclude Include="..\src\User\image_deal.h">
      <Filter>源文件\User\image_deal</Filter>
    </ClInclude>
    <ClInclude Include="..\src\User\MecanumWheelControl.h">
      <Filter>源文件\User\MecanumWheelControl</Filter>
    </ClInclude>
    <ClInclude Include="..\src\User\AttitudeCalculation.h">
      <Filter>源文件\User\Sensor</Filter>
    </ClInclude>
    <ClInclude Include="..\src\User\SEEKFREE_MT9V032.h">
      <Filter>源文件\User\MT9V032</Filter>
    </ClInclude>
  </ItemGroup>
  <ItemGroup>
    <None Include="..\src\Project_Setting\Startup\crt0.s">
      <Filter>源文件\Start up</Filter>
    </None>
  </ItemGroup>
</Project>