Microsoft Visual Studio Solution File, Format Version 12.00
# Visual Studio 15
VisualStudioVersion = 15.0.28307.421
MinimumVisualStudioVersion = 10.0.40219.1
Project("{8BC9CEB8-8B4A-11D0-8D11-00A0C91BC942}") = "LQ_K66FX_LPTMR", "LQ_K66FX_LPTMR.vcxproj", "{E047F139-F975-4641-5F31-A27FA785F2BD}"
EndProject
Global
	GlobalSection(SolutionConfigurationPlatforms) = preSolution
		Debug|Win32 = Debug|Win32
		Release|Win32 = Release|Win32
	EndGlobalSection
	GlobalSection(ProjectConfigurationPlatforms) = postSolution
		{E047F139-F975-4641-5F31-A27FA785F2BD}.Debug|Win32.ActiveCfg = Debug|Win32
		{E047F139-F975-4641-5F31-A27FA785F2BD}.Debug|Win32.Build.0 = Debug|Win32
		{E047F139-F975-4641-5F31-A27FA785F2BD}.Release|Win32.ActiveCfg = Release|Win32
		{E047F139-F975-4641-5F31-A27FA785F2BD}.Release|Win32.Build.0 = Release|Win32
	EndGlobalSection
	GlobalSection(SolutionProperties) = preSolution
		HideSolutionNode = FALSE
	EndGlobalSection
	GlobalSection(ExtensibilityGlobals) = postSolution
		SolutionGuid = {75351BCA-A677-4E6A-B265-32B6122AA512}
	EndGlobalSection
EndGlobal
